
Microsoft Visual Studio Solution File, Format Version 12.00
# Visual Studio Version 16
VisualStudioVersion = 16.0.29920.165
MinimumVisualStudioVersion = 10.0.40219.1
Project("{FAE04EC0-301F-11D3-BF4B-00C04F79EFBC}") = "Program", "Restaurante\Program.csproj", "{3F9E2C27-A89F-4262-9C9B-17DEE71F79DA}"
EndProject
Project("{FAE04EC0-301F-11D3-BF4B-00C04F79EFBC}") = "ClassLibrary", "ClassLibrary\ClassLibrary.csproj", "{D89451DB-A34D-453E-8BBD-4587B597BDDC}"
EndProject
Global
	GlobalSection(SolutionConfigurationPlatforms) = preSolution
		Debug|Any CPU = Debug|Any CPU
		Release|Any CPU = Release|Any CPU
	EndGlobalSection
	GlobalSection(ProjectConfigurationPlatforms) = postSolution
		{3F9E2C27-A89F-4262-9C9B-17DEE71F79DA}.Debug|Any CPU.ActiveCfg = Debug|Any CPU
		{3F9E2C27-A89F-4262-9C9B-17DEE71F79DA}.Debug|Any CPU.Build.0 = Debug|Any CPU
		{3F9E2C27-A89F-4262-9C9B-17DEE71F79DA}.Release|Any CPU.ActiveCfg = Release|Any CPU
		{3F9E2C27-A89F-4262-9C9B-17DEE71F79DA}.Release|Any CPU.Build.0 = Release|Any CPU
		{D89451DB-A34D-453E-8BBD-4587B597BDDC}.Debug|Any CPU.ActiveCfg = Debug|Any CPU
		{D89451DB-A34D-453E-8BBD-4587B597BDDC}.Debug|Any CPU.Build.0 = Debug|Any CPU
		{D89451DB-A34D-453E-8BBD-4587B597BDDC}.Release|Any CPU.ActiveCfg = Release|Any CPU
		{D89451DB-A34D-453E-8BBD-4587B597BDDC}.Release|Any CPU.Build.0 = Release|Any CPU
	EndGlobalSection
	GlobalSection(SolutionProperties) = preSolution
		HideSolutionNode = FALSE
	EndGlobalSection
	GlobalSection(ExtensibilityGlobals) = postSolution
		SolutionGuid = {41884F8E-9B80-4549-BB5F-1066BDAA802B}
	EndGlobalSection
EndGlobal
